
Microsoft Visual Studio Solution File, Format Version 12.00
# Visual Studio 15
VisualStudioVersion = 15.0.28307.705
MinimumVisualStudioVersion = 10.0.40219.1
Project("{FAE04EC0-301F-11D3-BF4B-00C04F79EFBC}") = "Xeno.ApiTool", "Xeno.ApiTool\Xeno.ApiTool.csproj", "{E39A24C9-450A-4BD3-9137-DFF267A9348D}"
EndProject
Project("{2150E333-8FDC-42A3-9474-1A3956D46DE8}") = "Project Files", "Project Files", "{9B6F1800-7AC9-41C3-B1CA-F40BC2FB0E0A}"
	ProjectSection(SolutionItems) = preProject
		.editorconfig = .editorconfig
		codemaid.config = codemaid.config
		..\LICENSE = ..\LICENSE
		..\readme.md = ..\readme.md
		stylecop.json = stylecop.json
		stylecop.ruleset = stylecop.ruleset
	EndProjectSection
EndProject
Global
	GlobalSection(SolutionConfigurationPlatforms) = preSolution
		Debug|Any CPU = Debug|Any CPU
		Release|Any CPU = Release|Any CPU
	EndGlobalSection
	GlobalSection(ProjectConfigurationPlatforms) = postSolution
		{E39A24C9-450A-4BD3-9137-DFF267A9348D}.Debug|Any CPU.ActiveCfg = Debug|Any CPU
		{E39A24C9-450A-4BD3-9137-DFF267A9348D}.Debug|Any CPU.Build.0 = Debug|Any CPU
		{E39A24C9-450A-4BD3-9137-DFF267A9348D}.Release|Any CPU.ActiveCfg = Release|Any CPU
		{E39A24C9-450A-4BD3-9137-DFF267A9348D}.Release|Any CPU.Build.0 = Release|Any CPU
	EndGlobalSection
	GlobalSection(SolutionProperties) = preSolution
		HideSolutionNode = FALSE
	EndGlobalSection
	GlobalSection(ExtensibilityGlobals) = postSolution
		SolutionGuid = {3F8BAA92-21B3-499B-BF76-0AD584EFC4BF}
	EndGlobalSection
EndGlobal
